
Microsoft Visual Studio Solution File, Format Version 12.00
# Visual Studio 2012
# SharpDevelop 5.1
VisualStudioVersion = 12.0.20827.3
MinimumVisualStudioVersion = 10.0.40219.1
Project("{FAE04EC0-301F-11D3-BF4B-00C04F79EFBC}") = "ПЗ2", "ПЗ2\ПЗ2.csproj", "{86AFB8D7-BB1E-4BA4-A747-43AB92F316FB}"
EndProject
Global
	GlobalSection(SolutionConfigurationPlatforms) = preSolution
		Debug|Any CPU = Debug|Any CPU
		Release|Any CPU = Release|Any CPU
	EndGlobalSection
	GlobalSection(ProjectConfigurationPlatforms) = postSolution
		{86AFB8D7-BB1E-4BA4-A747-43AB92F316FB}.Debug|Any CPU.ActiveCfg = Debug|Any CPU
		{86AFB8D7-BB1E-4BA4-A747-43AB92F316FB}.Debug|Any CPU.Build.0 = Debug|Any CPU
		{86AFB8D7-BB1E-4BA4-A747-43AB92F316FB}.Release|Any CPU.ActiveCfg = Release|Any CPU
		{86AFB8D7-BB1E-4BA4-A747-43AB92F316FB}.Release|Any CPU.Build.0 = Release|Any CPU
	EndGlobalSection
EndGlobal
